
Microsoft Visual Studio Solution File, Format Version 12.00
# Visual Studio Version 17
VisualStudioVersion = 17.5.002.0
MinimumVisualStudioVersion = 10.0.40219.1
Project("{9A19103F-16F7-4668-BE54-9A1E7A4F7556}") = "OrphinWeb", "OrphinWeb.csproj", "{63408C30-F445-4D8B-8321-E80041B92D9F}"
EndProject
Global
	GlobalSection(SolutionConfigurationPlatforms) = preSolution
		Debug|Any CPU = Debug|Any CPU
		Release|Any CPU = Release|Any CPU
	EndGlobalSection
	GlobalSection(ProjectConfigurationPlatforms) = postSolution
		{63408C30-F445-4D8B-8321-E80041B92D9F}.Debug|Any CPU.ActiveCfg = Debug|Any CPU
		{63408C30-F445-4D8B-8321-E80041B92D9F}.Debug|Any CPU.Build.0 = Debug|Any CPU
		{63408C30-F445-4D8B-8321-E80041B92D9F}.Release|Any CPU.ActiveCfg = Release|Any CPU
		{63408C30-F445-4D8B-8321-E80041B92D9F}.Release|Any CPU.Build.0 = Release|Any CPU
	EndGlobalSection
	GlobalSection(SolutionProperties) = preSolution
		HideSolutionNode = FALSE
	EndGlobalSection
	GlobalSection(ExtensibilityGlobals) = postSolution
		SolutionGuid = {90F7158E-A00C-48FF-B9E8-32A8D9AD09EF}
	EndGlobalSection
EndGlobal
